
Microsoft Visual Studio Solution File, Format Version 12.00
# Visual Studio Version 16
VisualStudioVersion = 16.0.29001.49
MinimumVisualStudioVersion = 10.0.40219.1
Project("{FAE04EC0-301F-11D3-BF4B-00C04F79EFBC}") = "Assignment - Question1", "Assignment - Question1\Assignment - Question1.csproj", "{21106490-41BB-4BC8-AD1B-884CEEFEBA93}"
EndProject
Global
	GlobalSection(SolutionConfigurationPlatforms) = preSolution
		Debug|Any CPU = Debug|Any CPU
		Release|Any CPU = Release|Any CPU
	EndGlobalSection
	GlobalSection(ProjectConfigurationPlatforms) = postSolution
		{21106490-41BB-4BC8-AD1B-884CEEFEBA93}.Debug|Any CPU.ActiveCfg = Debug|Any CPU
		{21106490-41BB-4BC8-AD1B-884CEEFEBA93}.Debug|Any CPU.Build.0 = Debug|Any CPU
		{21106490-41BB-4BC8-AD1B-884CEEFEBA93}.Release|Any CPU.ActiveCfg = Release|Any CPU
		{21106490-41BB-4BC8-AD1B-884CEEFEBA93}.Release|Any CPU.Build.0 = Release|Any CPU
	EndGlobalSection
	GlobalSection(SolutionProperties) = preSolution
		HideSolutionNode = FALSE
	EndGlobalSection
	GlobalSection(ExtensibilityGlobals) = postSolution
		SolutionGuid = {E41A3CA3-C467-479F-AD62-4A103DED21C2}
	EndGlobalSection
EndGlobal
